
Microsoft Visual Studio Solution File, Format Version 12.00
# Visual Studio Version 16
VisualStudioVersion = 16.0.34407.143
MinimumVisualStudioVersion = 10.0.40219.1
Project("{FAE04EC0-301F-11D3-BF4B-00C04F79EFBC}") = "EmployeeData", "EmployeeData\EmployeeData.csproj", "{A43F2735-79E4-44AE-9AD2-F3B398BA9FEF}"
	ProjectSection(ProjectDependencies) = postProject
		{7C759C8C-5A2D-4692-B763-536F356310B5} = {7C759C8C-5A2D-4692-B763-536F356310B5}
	EndProjectSection
EndProject
Project("{FAE04EC0-301F-11D3-BF4B-00C04F79EFBC}") = "EmployeeProperties", "EmployeeProperties\EmployeeProperties.csproj", "{7C759C8C-5A2D-4692-B763-536F356310B5}"
EndProject
Global
	GlobalSection(SolutionConfigurationPlatforms) = preSolution
		Debug|Any CPU = Debug|Any CPU
		Release|Any CPU = Release|Any CPU
	EndGlobalSection
	GlobalSection(ProjectConfigurationPlatforms) = postSolution
		{A43F2735-79E4-44AE-9AD2-F3B398BA9FEF}.Debug|Any CPU.ActiveCfg = Debug|Any CPU
		{A43F2735-79E4-44AE-9AD2-F3B398BA9FEF}.Debug|Any CPU.Build.0 = Debug|Any CPU
		{A43F2735-79E4-44AE-9AD2-F3B398BA9FEF}.Release|Any CPU.ActiveCfg = Release|Any CPU
		{A43F2735-79E4-44AE-9AD2-F3B398BA9FEF}.Release|Any CPU.Build.0 = Release|Any CPU
		{7C759C8C-5A2D-4692-B763-536F356310B5}.Debug|Any CPU.ActiveCfg = Debug|Any CPU
		{7C759C8C-5A2D-4692-B763-536F356310B5}.Debug|Any CPU.Build.0 = Debug|Any CPU
		{7C759C8C-5A2D-4692-B763-536F356310B5}.Release|Any CPU.ActiveCfg = Release|Any CPU
		{7C759C8C-5A2D-4692-B763-536F356310B5}.Release|Any CPU.Build.0 = Release|Any CPU
	EndGlobalSection
	GlobalSection(SolutionProperties) = preSolution
		HideSolutionNode = FALSE
	EndGlobalSection
	GlobalSection(ExtensibilityGlobals) = postSolution
		SolutionGuid = {88CE890F-F60F-4BB6-B307-B09E3DBBFC0E}
	EndGlobalSection
EndGlobal
